// !$*UTF8*$!
{
	archiveVersion = 1;
	classes = {
	};
	objectVersion = 46;
	objects = {

/* Begin PBXBuildFile section */
		0F312FCC1A81926B00578FA2 /* PhotonTubesControl.swift in Sources */ = {isa = PBXBuildFile; fileRef = 0F312FCB1A81926B00578FA2 /* PhotonTubesControl.swift */; };
		0F594BF61A69EE7C00B10050 /* LocationTests.swift in Sources */ = {isa = PBXBuildFile; fileRef = 0F594BF51A69EE7C00B10050 /* LocationTests.swift */; };
		0F594BF71A69EE9500B10050 /* Location.swift in Sources */ = {isa = PBXBuildFile; fileRef = 0F8F96C91A69858700E8F605 /* Location.swift */; };
		0F594BF81A69EEAD00B10050 /* SpatialPosition.swift in Sources */ = {isa = PBXBuildFile; fileRef = 0F8F96D21A69858700E8F605 /* SpatialPosition.swift */; };
		0F594BF91A69EEE900B10050 /* Common.swift in Sources */ = {isa = PBXBuildFile; fileRef = 0F8F96C21A69858700E8F605 /* Common.swift */; };
		0F594BFA1A69EF3400B10050 /* FederationPerson.swift in Sources */ = {isa = PBXBuildFile; fileRef = 0F8F96C61A69858700E8F605 /* FederationPerson.swift */; };
		0F594BFB1A69EF4D00B10050 /* SystemObject.swift in Sources */ = {isa = PBXBuildFile; fileRef = 0F8F96D31A69858700E8F605 /* SystemObject.swift */; };
		0F594BFC1A69EF9000B10050 /* Rank.swift in Sources */ = {isa = PBXBuildFile; fileRef = 0F8F96CD1A69858700E8F605 /* Rank.swift */; };
		0F594BFD1A69EFD200B10050 /* Name.swift in Sources */ = {isa = PBXBuildFile; fileRef = 0F8F96CB1A69858700E8F605 /* Name.swift */; };
		0F594BFE1A69F04C00B10050 /* XCGLogger.swift in Sources */ = {isa = PBXBuildFile; fileRef = 0FC3ACC61A698D9F00A9F544 /* XCGLogger.swift */; };
		0F594C001A69FD3400B10050 /* SystemArrayTests.swift in Sources */ = {isa = PBXBuildFile; fileRef = 0F594BFF1A69FD3400B10050 /* SystemArrayTests.swift */; };
		0F594C011A69FD4B00B10050 /* PhotonTube.swift in Sources */ = {isa = PBXBuildFile; fileRef = 0F8F96CC1A69858700E8F605 /* PhotonTube.swift */; };
		0F594C021A69FD6500B10050 /* SystemStatus.swift in Sources */ = {isa = PBXBuildFile; fileRef = 0F8F96D41A69858700E8F605 /* SystemStatus.swift */; };
		0F6BADD71A69C7A50018B475 /* MasterControl.swift in Sources */ = {isa = PBXBuildFile; fileRef = 0F6BADD61A69C7A50018B475 /* MasterControl.swift */; };
		0F6BADD91A69C7EA0018B475 /* RunningStateControl.swift in Sources */ = {isa = PBXBuildFile; fileRef = 0F6BADD81A69C7EA0018B475 /* RunningStateControl.swift */; };
		0F6BADDB1A69C8500018B475 /* givennames.txt in Resources */ = {isa = PBXBuildFile; fileRef = 0F6BADDA1A69C8500018B475 /* givennames.txt */; };
		0F6BADDD1A69C8600018B475 /* surnames.txt in Resources */ = {isa = PBXBuildFile; fileRef = 0F6BADDC1A69C8600018B475 /* surnames.txt */; };
		0F8F968D1A697CDF00E8F605 /* AppDelegate.swift in Sources */ = {isa = PBXBuildFile; fileRef = 0F8F968C1A697CDF00E8F605 /* AppDelegate.swift */; };
		0F8F96921A697CDF00E8F605 /* StarshipSimulation.xcdatamodeld in Sources */ = {isa = PBXBuildFile; fileRef = 0F8F96901A697CDF00E8F605 /* StarshipSimulation.xcdatamodeld */; };
		0F8F96941A697CDF00E8F605 /* Images.xcassets in Resources */ = {isa = PBXBuildFile; fileRef = 0F8F96931A697CDF00E8F605 /* Images.xcassets */; };
		0F8F96971A697CDF00E8F605 /* Main.storyboard in Resources */ = {isa = PBXBuildFile; fileRef = 0F8F96951A697CDF00E8F605 /* Main.storyboard */; };
		0F8F96A31A697CDF00E8F605 /* StarshipSimulationTests.swift in Sources */ = {isa = PBXBuildFile; fileRef = 0F8F96A21A697CDF00E8F605 /* StarshipSimulationTests.swift */; };
		0F8F96D81A69858700E8F605 /* Cargo.swift in Sources */ = {isa = PBXBuildFile; fileRef = 0F8F96C01A69858700E8F605 /* Cargo.swift */; };
		0F8F96D91A69858700E8F605 /* CelestialObject.swift in Sources */ = {isa = PBXBuildFile; fileRef = 0F8F96C11A69858700E8F605 /* CelestialObject.swift */; };
		0F8F96DA1A69858700E8F605 /* Common.swift in Sources */ = {isa = PBXBuildFile; fileRef = 0F8F96C21A69858700E8F605 /* Common.swift */; };
		0F8F96DB1A69858700E8F605 /* CommonData.swift in Sources */ = {isa = PBXBuildFile; fileRef = 0F8F96C31A69858700E8F605 /* CommonData.swift */; };
		0F8F96DC1A69858700E8F605 /* CommunicationsStation.swift in Sources */ = {isa = PBXBuildFile; fileRef = 0F8F96C41A69858700E8F605 /* CommunicationsStation.swift */; };
		0F8F96DD1A69858700E8F605 /* EnergyConnectionStation.swift in Sources */ = {isa = PBXBuildFile; fileRef = 0F8F96C51A69858700E8F605 /* EnergyConnectionStation.swift */; };
		0F8F96DE1A69858700E8F605 /* FederationPerson.swift in Sources */ = {isa = PBXBuildFile; fileRef = 0F8F96C61A69858700E8F605 /* FederationPerson.swift */; };
		0F8F96DF1A69858700E8F605 /* FleetShip.swift in Sources */ = {isa = PBXBuildFile; fileRef = 0F8F96C71A69858700E8F605 /* FleetShip.swift */; };
		0F8F96E01A69858700E8F605 /* LifeSupport.swift in Sources */ = {isa = PBXBuildFile; fileRef = 0F8F96C81A69858700E8F605 /* LifeSupport.swift */; };
		0F8F96E11A69858700E8F605 /* Location.swift in Sources */ = {isa = PBXBuildFile; fileRef = 0F8F96C91A69858700E8F605 /* Location.swift */; };
		0F8F96E21A69858700E8F605 /* MasterData.swift in Sources */ = {isa = PBXBuildFile; fileRef = 0F8F96CA1A69858700E8F605 /* MasterData.swift */; };
		0F8F96E31A69858700E8F605 /* Name.swift in Sources */ = {isa = PBXBuildFile; fileRef = 0F8F96CB1A69858700E8F605 /* Name.swift */; };
		0F8F96E41A69858700E8F605 /* PhotonTube.swift in Sources */ = {isa = PBXBuildFile; fileRef = 0F8F96CC1A69858700E8F605 /* PhotonTube.swift */; };
		0F8F96E51A69858700E8F605 /* Rank.swift in Sources */ = {isa = PBXBuildFile; fileRef = 0F8F96CD1A69858700E8F605 /* Rank.swift */; };
		0F8F96E61A69858700E8F605 /* RunningState.swift in Sources */ = {isa = PBXBuildFile; fileRef = 0F8F96CE1A69858700E8F605 /* RunningState.swift */; };
		0F8F96E71A69858700E8F605 /* Sensors.swift in Sources */ = {isa = PBXBuildFile; fileRef = 0F8F96CF1A69858700E8F605 /* Sensors.swift */; };
		0F8F96E81A69858700E8F605 /* ShuttleCraft.swift in Sources */ = {isa = PBXBuildFile; fileRef = 0F8F96D01A69858700E8F605 /* ShuttleCraft.swift */; };
		0F8F96E91A69858700E8F605 /* SimController.swift in Sources */ = {isa = PBXBuildFile; fileRef = 0F8F96D11A69858700E8F605 /* SimController.swift */; };
		0F8F96EA1A69858700E8F605 /* SpatialPosition.swift in Sources */ = {isa = PBXBuildFile; fileRef = 0F8F96D21A69858700E8F605 /* SpatialPosition.swift */; };
		0F8F96EB1A69858700E8F605 /* SystemObject.swift in Sources */ = {isa = PBXBuildFile; fileRef = 0F8F96D31A69858700E8F605 /* SystemObject.swift */; };
		0F8F96EC1A69858700E8F605 /* SystemStatus.swift in Sources */ = {isa = PBXBuildFile; fileRef = 0F8F96D41A69858700E8F605 /* SystemStatus.swift */; };
		0F8F96ED1A69858700E8F605 /* TractorBeam.swift in Sources */ = {isa = PBXBuildFile; fileRef = 0F8F96D51A69858700E8F605 /* TractorBeam.swift */; };
		0F8F96EE1A69858700E8F605 /* TurboElevatorCar.swift in Sources */ = {isa = PBXBuildFile; fileRef = 0F8F96D61A69858700E8F605 /* TurboElevatorCar.swift */; };
		0F8F96EF1A69858700E8F605 /* Weapons.swift in Sources */ = {isa = PBXBuildFile; fileRef = 0F8F96D71A69858700E8F605 /* Weapons.swift */; };
		0F8F96F11A6985A700E8F605 /* MasterController.swift in Sources */ = {isa = PBXBuildFile; fileRef = 0F8F96F01A6985A700E8F605 /* MasterController.swift */; };
		0F8F96F31A6985C000E8F605 /* Communications.swift in Sources */ = {isa = PBXBuildFile; fileRef = 0F8F96F21A6985C000E8F605 /* Communications.swift */; };
		0FA948661A698FDB00EE88B5 /* SimViewController.swift in Sources */ = {isa = PBXBuildFile; fileRef = 0FA948651A698FDB00EE88B5 /* SimViewController.swift */; };
		0FAB8E501A6C315300E784B2 /* EnterprisePersonnelControl.swift in Sources */ = {isa = PBXBuildFile; fileRef = 0FAB8E4F1A6C315300E784B2 /* EnterprisePersonnelControl.swift */; };
		0FB0742E1A715DD2006F3CA5 /* DataTests.swift in Sources */ = {isa = PBXBuildFile; fileRef = 0FB0742D1A715DD2006F3CA5 /* DataTests.swift */; };
		0FB2315D1A7C32E200988930 /* Observers.swift in Sources */ = {isa = PBXBuildFile; fileRef = 0FB2315C1A7C32E200988930 /* Observers.swift */; };
		0FB2315E1A7C32E200988930 /* Observers.swift in Sources */ = {isa = PBXBuildFile; fileRef = 0FB2315C1A7C32E200988930 /* Observers.swift */; };
		0FC3ACAC1A6987C000A9F544 /* Engineering.swift in Sources */ = {isa = PBXBuildFile; fileRef = 0FC3ACAB1A6987C000A9F544 /* Engineering.swift */; };
		0FC3ACAE1A698A3300A9F544 /* Helm.swift in Sources */ = {isa = PBXBuildFile; fileRef = 0FC3ACAD1A698A3300A9F544 /* Helm.swift */; };
		0FC3ACB01A698A4C00A9F544 /* Medical.swift in Sources */ = {isa = PBXBuildFile; fileRef = 0FC3ACAF1A698A4C00A9F544 /* Medical.swift */; };
		0FC3ACB21A698A6000A9F544 /* Navigation.swift in Sources */ = {isa = PBXBuildFile; fileRef = 0FC3ACB11A698A6000A9F544 /* Navigation.swift */; };
		0FC3ACB41A698A7200A9F544 /* Sciences.swift in Sources */ = {isa = PBXBuildFile; fileRef = 0FC3ACB31A698A7200A9F544 /* Sciences.swift */; };
		0FC3ACB61A698BF400A9F544 /* MasterTabView.swift in Sources */ = {isa = PBXBuildFile; fileRef = 0FC3ACB51A698BF400A9F544 /* MasterTabView.swift */; };
		0FC3ACB81A698C0600A9F544 /* CommControl.swift in Sources */ = {isa = PBXBuildFile; fileRef = 0FC3ACB71A698C0600A9F544 /* CommControl.swift */; };
		0FC3ACBA1A698C1200A9F544 /* EngControl.swift in Sources */ = {isa = PBXBuildFile; fileRef = 0FC3ACB91A698C1200A9F544 /* EngControl.swift */; };
		0FC3ACBC1A698C2000A9F544 /* HelmControl.swift in Sources */ = {isa = PBXBuildFile; fileRef = 0FC3ACBB1A698C2000A9F544 /* HelmControl.swift */; };
		0FC3ACBE1A698C2D00A9F544 /* MedicalControl.swift in Sources */ = {isa = PBXBuildFile; fileRef = 0FC3ACBD1A698C2D00A9F544 /* MedicalControl.swift */; };
		0FC3ACC01A698C3700A9F544 /* NavControl.swift in Sources */ = {isa = PBXBuildFile; fileRef = 0FC3ACBF1A698C3700A9F544 /* NavControl.swift */; };
		0FC3ACC21A698C4000A9F544 /* SciencesControl.swift in Sources */ = {isa = PBXBuildFile; fileRef = 0FC3ACC11A698C4000A9F544 /* SciencesControl.swift */; };
		0FC3ACC71A698D9F00A9F544 /* XCGLogger.swift in Sources */ = {isa = PBXBuildFile; fileRef = 0FC3ACC61A698D9F00A9F544 /* XCGLogger.swift */; };
/* End PBXBuildFile section */

/* Begin PBXContainerItemProxy section */
		0F8F969D1A697CDF00E8F605 /* PBXContainerItemProxy */ = {
			isa = PBXContainerItemProxy;
			containerPortal = 0F8F967F1A697CDF00E8F605 /* Project object */;
			proxyType = 1;
			remoteGlobalIDString = 0F8F96861A697CDF00E8F605;
			remoteInfo = StarshipSimulation;
		};
/* End PBXContainerItemProxy section */

/* Begin PBXFileReference section */
		0F312FCB1A81926B00578FA2 /* PhotonTubesControl.swift */ = {isa = PBXFileReference; fileEncoding = 4; lastKnownFileType = sourcecode.swift; path = PhotonTubesControl.swift; sourceTree = "<group>"; };
		0F594BF51A69EE7C00B10050 /* LocationTests.swift */ = {isa = PBXFileReference; fileEncoding = 4; lastKnownFileType = sourcecode.swift; path = LocationTests.swift; sourceTree = "<group>"; };
		0F594BFF1A69FD3400B10050 /* SystemArrayTests.swift */ = {isa = PBXFileReference; fileEncoding = 4; lastKnownFileType = sourcecode.swift; path = SystemArrayTests.swift; sourceTree = "<group>"; };
		0F6BADD61A69C7A50018B475 /* MasterControl.swift */ = {isa = PBXFileReference; fileEncoding = 4; lastKnownFileType = sourcecode.swift; lineEnding = 0; path = MasterControl.swift; sourceTree = "<group>"; xcLanguageSpecificationIdentifier = xcode.lang.swift; };
		0F6BADD81A69C7EA0018B475 /* RunningStateControl.swift */ = {isa = PBXFileReference; fileEncoding = 4; lastKnownFileType = sourcecode.swift; lineEnding = 0; path = RunningStateControl.swift; sourceTree = "<group>"; xcLanguageSpecificationIdentifier = xcode.lang.swift; };
		0F6BADDA1A69C8500018B475 /* givennames.txt */ = {isa = PBXFileReference; fileEncoding = 4; lastKnownFileType = text; path = givennames.txt; sourceTree = "<group>"; };
		0F6BADDC1A69C8600018B475 /* surnames.txt */ = {isa = PBXFileReference; fileEncoding = 4; lastKnownFileType = text; path = surnames.txt; sourceTree = "<group>"; };
		0F8F96871A697CDF00E8F605 /* StarshipSimulation.app */ = {isa = PBXFileReference; explicitFileType = wrapper.application; includeInIndex = 0; path = StarshipSimulation.app; sourceTree = BUILT_PRODUCTS_DIR; };
		0F8F968B1A697CDF00E8F605 /* Info.plist */ = {isa = PBXFileReference; lastKnownFileType = text.plist.xml; path = Info.plist; sourceTree = "<group>"; };
		0F8F968C1A697CDF00E8F605 /* AppDelegate.swift */ = {isa = PBXFileReference; lastKnownFileType = sourcecode.swift; lineEnding = 0; path = AppDelegate.swift; sourceTree = "<group>"; xcLanguageSpecificationIdentifier = xcode.lang.swift; };
		0F8F96911A697CDF00E8F605 /* StarshipSimulation.xcdatamodel */ = {isa = PBXFileReference; lastKnownFileType = wrapper.xcdatamodel; path = StarshipSimulation.xcdatamodel; sourceTree = "<group>"; };
		0F8F96931A697CDF00E8F605 /* Images.xcassets */ = {isa = PBXFileReference; lastKnownFileType = folder.assetcatalog; path = Images.xcassets; sourceTree = "<group>"; };
		0F8F96961A697CDF00E8F605 /* Base */ = {isa = PBXFileReference; lastKnownFileType = file.storyboard; name = Base; path = Base.lproj/Main.storyboard; sourceTree = "<group>"; };
		0F8F969C1A697CDF00E8F605 /* StarshipSimulationTests.xctest */ = {isa = PBXFileReference; explicitFileType = wrapper.cfbundle; includeInIndex = 0; path = StarshipSimulationTests.xctest; sourceTree = BUILT_PRODUCTS_DIR; };
		0F8F96A11A697CDF00E8F605 /* Info.plist */ = {isa = PBXFileReference; lastKnownFileType = text.plist.xml; path = Info.plist; sourceTree = "<group>"; };
		0F8F96A21A697CDF00E8F605 /* StarshipSimulationTests.swift */ = {isa = PBXFileReference; lastKnownFileType = sourcecode.swift; lineEnding = 0; path = StarshipSimulationTests.swift; sourceTree = "<group>"; xcLanguageSpecificationIdentifier = xcode.lang.swift; };
		0F8F96BE1A69853D00E8F605 /* SSS Modules Diagrams.pdf */ = {isa = PBXFileReference; lastKnownFileType = image.pdf; path = "SSS Modules Diagrams.pdf"; sourceTree = "<group>"; };
		0F8F96BF1A69853D00E8F605 /* SSS Variables List.pdf */ = {isa = PBXFileReference; lastKnownFileType = image.pdf; path = "SSS Variables List.pdf"; sourceTree = "<group>"; };
		0F8F96C01A69858700E8F605 /* Cargo.swift */ = {isa = PBXFileReference; fileEncoding = 4; lastKnownFileType = sourcecode.swift; lineEnding = 0; path = Cargo.swift; sourceTree = "<group>"; xcLanguageSpecificationIdentifier = xcode.lang.swift; };
		0F8F96C11A69858700E8F605 /* CelestialObject.swift */ = {isa = PBXFileReference; fileEncoding = 4; lastKnownFileType = sourcecode.swift; lineEnding = 0; path = CelestialObject.swift; sourceTree = "<group>"; xcLanguageSpecificationIdentifier = xcode.lang.swift; };
		0F8F96C21A69858700E8F605 /* Common.swift */ = {isa = PBXFileReference; fileEncoding = 4; lastKnownFileType = sourcecode.swift; lineEnding = 0; path = Common.swift; sourceTree = "<group>"; xcLanguageSpecificationIdentifier = xcode.lang.swift; };
		0F8F96C31A69858700E8F605 /* CommonData.swift */ = {isa = PBXFileReference; fileEncoding = 4; lastKnownFileType = sourcecode.swift; lineEnding = 0; path = CommonData.swift; sourceTree = "<group>"; xcLanguageSpecificationIdentifier = xcode.lang.swift; };
		0F8F96C41A69858700E8F605 /* CommunicationsStation.swift */ = {isa = PBXFileReference; fileEncoding = 4; lastKnownFileType = sourcecode.swift; lineEnding = 0; path = CommunicationsStation.swift; sourceTree = "<group>"; xcLanguageSpecificationIdentifier = xcode.lang.swift; };
		0F8F96C51A69858700E8F605 /* EnergyConnectionStation.swift */ = {isa = PBXFileReference; fileEncoding = 4; lastKnownFileType = sourcecode.swift; lineEnding = 0; path = EnergyConnectionStation.swift; sourceTree = "<group>"; xcLanguageSpecificationIdentifier = xcode.lang.swift; };
		0F8F96C61A69858700E8F605 /* FederationPerson.swift */ = {isa = PBXFileReference; fileEncoding = 4; lastKnownFileType = sourcecode.swift; lineEnding = 0; path = FederationPerson.swift; sourceTree = "<group>"; xcLanguageSpecificationIdentifier = xcode.lang.swift; };
		0F8F96C71A69858700E8F605 /* FleetShip.swift */ = {isa = PBXFileReference; fileEncoding = 4; lastKnownFileType = sourcecode.swift; lineEnding = 0; path = FleetShip.swift; sourceTree = "<group>"; xcLanguageSpecificationIdentifier = xcode.lang.swift; };
		0F8F96C81A69858700E8F605 /* LifeSupport.swift */ = {isa = PBXFileReference; fileEncoding = 4; lastKnownFileType = sourcecode.swift; lineEnding = 0; path = LifeSupport.swift; sourceTree = "<group>"; xcLanguageSpecificationIdentifier = xcode.lang.swift; };
		0F8F96C91A69858700E8F605 /* Location.swift */ = {isa = PBXFileReference; fileEncoding = 4; lastKnownFileType = sourcecode.swift; lineEnding = 0; path = Location.swift; sourceTree = "<group>"; xcLanguageSpecificationIdentifier = xcode.lang.swift; };
		0F8F96CA1A69858700E8F605 /* MasterData.swift */ = {isa = PBXFileReference; fileEncoding = 4; lastKnownFileType = sourcecode.swift; lineEnding = 0; path = MasterData.swift; sourceTree = "<group>"; xcLanguageSpecificationIdentifier = xcode.lang.swift; };
		0F8F96CB1A69858700E8F605 /* Name.swift */ = {isa = PBXFileReference; fileEncoding = 4; lastKnownFileType = sourcecode.swift; lineEnding = 0; path = Name.swift; sourceTree = "<group>"; xcLanguageSpecificationIdentifier = xcode.lang.swift; };
		0F8F96CC1A69858700E8F605 /* PhotonTube.swift */ = {isa = PBXFileReference; fileEncoding = 4; lastKnownFileType = sourcecode.swift; lineEnding = 0; path = PhotonTube.swift; sourceTree = "<group>"; xcLanguageSpecificationIdentifier = xcode.lang.swift; };
		0F8F96CD1A69858700E8F605 /* Rank.swift */ = {isa = PBXFileReference; fileEncoding = 4; lastKnownFileType = sourcecode.swift; lineEnding = 0; path = Rank.swift; sourceTree = "<group>"; xcLanguageSpecificationIdentifier = xcode.lang.swift; };
		0F8F96CE1A69858700E8F605 /* RunningState.swift */ = {isa = PBXFileReference; fileEncoding = 4; lastKnownFileType = sourcecode.swift; lineEnding = 0; path = RunningState.swift; sourceTree = "<group>"; xcLanguageSpecificationIdentifier = xcode.lang.swift; };
		0F8F96CF1A69858700E8F605 /* Sensors.swift */ = {isa = PBXFileReference; fileEncoding = 4; lastKnownFileType = sourcecode.swift; lineEnding = 0; path = Sensors.swift; sourceTree = "<group>"; xcLanguageSpecificationIdentifier = xcode.lang.swift; };
		0F8F96D01A69858700E8F605 /* ShuttleCraft.swift */ = {isa = PBXFileReference; fileEncoding = 4; lastKnownFileType = sourcecode.swift; lineEnding = 0; path = ShuttleCraft.swift; sourceTree = "<group>"; xcLanguageSpecificationIdentifier = xcode.lang.swift; };
		0F8F96D11A69858700E8F605 /* SimController.swift */ = {isa = PBXFileReference; fileEncoding = 4; lastKnownFileType = sourcecode.swift; lineEnding = 0; path = SimController.swift; sourceTree = "<group>"; xcLanguageSpecificationIdentifier = xcode.lang.swift; };
		0F8F96D21A69858700E8F605 /* SpatialPosition.swift */ = {isa = PBXFileReference; fileEncoding = 4; lastKnownFileType = sourcecode.swift; lineEnding = 0; path = SpatialPosition.swift; sourceTree = "<group>"; xcLanguageSpecificationIdentifier = xcode.lang.swift; };
		0F8F96D31A69858700E8F605 /* SystemObject.swift */ = {isa = PBXFileReference; fileEncoding = 4; lastKnownFileType = sourcecode.swift; lineEnding = 0; path = SystemObject.swift; sourceTree = "<group>"; xcLanguageSpecificationIdentifier = xcode.lang.swift; };
		0F8F96D41A69858700E8F605 /* SystemStatus.swift */ = {isa = PBXFileReference; fileEncoding = 4; lastKnownFileType = sourcecode.swift; lineEnding = 0; path = SystemStatus.swift; sourceTree = "<group>"; xcLanguageSpecificationIdentifier = xcode.lang.swift; };
		0F8F96D51A69858700E8F605 /* TractorBeam.swift */ = {isa = PBXFileReference; fileEncoding = 4; lastKnownFileType = sourcecode.swift; lineEnding = 0; path = TractorBeam.swift; sourceTree = "<group>"; xcLanguageSpecificationIdentifier = xcode.lang.swift; };
		0F8F96D61A69858700E8F605 /* TurboElevatorCar.swift */ = {isa = PBXFileReference; fileEncoding = 4; lastKnownFileType = sourcecode.swift; lineEnding = 0; path = TurboElevatorCar.swift; sourceTree = "<group>"; xcLanguageSpecificationIdentifier = xcode.lang.swift; };
		0F8F96D71A69858700E8F605 /* Weapons.swift */ = {isa = PBXFileReference; fileEncoding = 4; lastKnownFileType = sourcecode.swift; lineEnding = 0; path = Weapons.swift; sourceTree = "<group>"; xcLanguageSpecificationIdentifier = xcode.lang.swift; };
		0F8F96F01A6985A700E8F605 /* MasterController.swift */ = {isa = PBXFileReference; fileEncoding = 4; lastKnownFileType = sourcecode.swift; lineEnding = 0; path = MasterController.swift; sourceTree = "<group>"; xcLanguageSpecificationIdentifier = xcode.lang.swift; };
		0F8F96F21A6985C000E8F605 /* Communications.swift */ = {isa = PBXFileReference; fileEncoding = 4; lastKnownFileType = sourcecode.swift; lineEnding = 0; path = Communications.swift; sourceTree = "<group>"; xcLanguageSpecificationIdentifier = xcode.lang.swift; };
		0FA948461A698F0900EE88B5 /* app128x128x1.jpg */ = {isa = PBXFileReference; lastKnownFileType = image.jpeg; path = app128x128x1.jpg; sourceTree = "<group>"; };
		0FA948471A698F0900EE88B5 /* app128x128x1.png */ = {isa = PBXFileReference; lastKnownFileType = image.png; path = app128x128x1.png; sourceTree = "<group>"; };
		0FA948481A698F0900EE88B5 /* app128x128x1.xcf */ = {isa = PBXFileReference; lastKnownFileType = file; path = app128x128x1.xcf; sourceTree = "<group>"; };
		0FA948491A698F0900EE88B5 /* app128x128x2.jpg */ = {isa = PBXFileReference; lastKnownFileType = image.jpeg; path = app128x128x2.jpg; sourceTree = "<group>"; };
		0FA9484A1A698F0900EE88B5 /* app128x128x2.png */ = {isa = PBXFileReference; lastKnownFileType = image.png; path = app128x128x2.png; sourceTree = "<group>"; };
		0FA9484B1A698F0900EE88B5 /* app128x128x2.xcf */ = {isa = PBXFileReference; lastKnownFileType = file; path = app128x128x2.xcf; sourceTree = "<group>"; };
		0FA9484C1A698F0900EE88B5 /* app16x16x1.jpg */ = {isa = PBXFileReference; lastKnownFileType = image.jpeg; path = app16x16x1.jpg; sourceTree = "<group>"; };
		0FA9484D1A698F0900EE88B5 /* app16x16x1.png */ = {isa = PBXFileReference; lastKnownFileType = image.png; path = app16x16x1.png; sourceTree = "<group>"; };
		0FA9484E1A698F0900EE88B5 /* app16x16x1.xcf */ = {isa = PBXFileReference; lastKnownFileType = file; path = app16x16x1.xcf; sourceTree = "<group>"; };
		0FA9484F1A698F0900EE88B5 /* app16x16x2.jpg */ = {isa = PBXFileReference; lastKnownFileType = image.jpeg; path = app16x16x2.jpg; sourceTree = "<group>"; };
		0FA948501A698F0900EE88B5 /* app16x16x2.png */ = {isa = PBXFileReference; lastKnownFileType = image.png; path = app16x16x2.png; sourceTree = "<group>"; };
		0FA948511A698F0900EE88B5 /* app16x16x2.xcf */ = {isa = PBXFileReference; lastKnownFileType = file; path = app16x16x2.xcf; sourceTree = "<group>"; };
		0FA948521A698F0900EE88B5 /* app256x256x1.jpg */ = {isa = PBXFileReference; lastKnownFileType = image.jpeg; path = app256x256x1.jpg; sourceTree = "<group>"; };
		0FA948531A698F0900EE88B5 /* app256x256x1.png */ = {isa = PBXFileReference; lastKnownFileType = image.png; path = app256x256x1.png; sourceTree = "<group>"; };
		0FA948541A698F0900EE88B5 /* app256x256x1.xcf */ = {isa = PBXFileReference; lastKnownFileType = file; path = app256x256x1.xcf; sourceTree = "<group>"; };
		0FA948551A698F0900EE88B5 /* app256x256x2.jpg */ = {isa = PBXFileReference; lastKnownFileType = image.jpeg; path = app256x256x2.jpg; sourceTree = "<group>"; };
		0FA948561A698F0900EE88B5 /* app256x256x2.png */ = {isa = PBXFileReference; lastKnownFileType = image.png; path = app256x256x2.png; sourceTree = "<group>"; };
		0FA948571A698F0900EE88B5 /* app256x256x2.xcf */ = {isa = PBXFileReference; lastKnownFileType = file; path = app256x256x2.xcf; sourceTree = "<group>"; };
		0FA948581A698F0900EE88B5 /* app32x32x1.jpg */ = {isa = PBXFileReference; lastKnownFileType = image.jpeg; path = app32x32x1.jpg; sourceTree = "<group>"; };
		0FA948591A698F0900EE88B5 /* app32x32x1.png */ = {isa = PBXFileReference; lastKnownFileType = image.png; path = app32x32x1.png; sourceTree = "<group>"; };
		0FA9485A1A698F0900EE88B5 /* app32x32x1.xcf */ = {isa = PBXFileReference; lastKnownFileType = file; path = app32x32x1.xcf; sourceTree = "<group>"; };
		0FA9485B1A698F0900EE88B5 /* app32x32x2.jpg */ = {isa = PBXFileReference; lastKnownFileType = image.jpeg; path = app32x32x2.jpg; sourceTree = "<group>"; };
		0FA9485C1A698F0900EE88B5 /* app32x32x2.png */ = {isa = PBXFileReference; lastKnownFileType = image.png; path = app32x32x2.png; sourceTree = "<group>"; };
		0FA9485D1A698F0900EE88B5 /* app32x32x2.xcf */ = {isa = PBXFileReference; lastKnownFileType = file; path = app32x32x2.xcf; sourceTree = "<group>"; };
		0FA9485E1A698F0900EE88B5 /* app512x512x1.jpg */ = {isa = PBXFileReference; lastKnownFileType = image.jpeg; path = app512x512x1.jpg; sourceTree = "<group>"; };
		0FA9485F1A698F0900EE88B5 /* app512x512x1.png */ = {isa = PBXFileReference; lastKnownFileType = image.png; path = app512x512x1.png; sourceTree = "<group>"; };
		0FA948601A698F0900EE88B5 /* app512x512x1.xcf */ = {isa = PBXFileReference; lastKnownFileType = file; path = app512x512x1.xcf; sourceTree = "<group>"; };
		0FA948611A698F0900EE88B5 /* app512x512x2.jpg */ = {isa = PBXFileReference; lastKnownFileType = image.jpeg; path = app512x512x2.jpg; sourceTree = "<group>"; };
		0FA948621A698F0900EE88B5 /* app512x512x2.png */ = {isa = PBXFileReference; lastKnownFileType = image.png; path = app512x512x2.png; sourceTree = "<group>"; };
		0FA948631A698F0900EE88B5 /* app512x512x2.xcf */ = {isa = PBXFileReference; lastKnownFileType = file; path = app512x512x2.xcf; sourceTree = "<group>"; };
		0FA948641A698F0900EE88B5 /* Cover-squar.xcf */ = {isa = PBXFileReference; lastKnownFileType = file; path = "Cover-squar.xcf"; sourceTree = "<group>"; };
		0FA948651A698FDB00EE88B5 /* SimViewController.swift */ = {isa = PBXFileReference; fileEncoding = 4; lastKnownFileType = sourcecode.swift; lineEnding = 0; path = SimViewController.swift; sourceTree = "<group>"; xcLanguageSpecificationIdentifier = xcode.lang.swift; };
		0FAB8E4F1A6C315300E784B2 /* EnterprisePersonnelControl.swift */ = {isa = PBXFileReference; fileEncoding = 4; lastKnownFileType = sourcecode.swift; path = EnterprisePersonnelControl.swift; sourceTree = "<group>"; };
		0FB0742D1A715DD2006F3CA5 /* DataTests.swift */ = {isa = PBXFileReference; fileEncoding = 4; lastKnownFileType = sourcecode.swift; path = DataTests.swift; sourceTree = "<group>"; };
		0FB2315C1A7C32E200988930 /* Observers.swift */ = {isa = PBXFileReference; fileEncoding = 4; lastKnownFileType = sourcecode.swift; path = Observers.swift; sourceTree = "<group>"; };
		0FC3ACAB1A6987C000A9F544 /* Engineering.swift */ = {isa = PBXFileReference; fileEncoding = 4; lastKnownFileType = sourcecode.swift; lineEnding = 0; path = Engineering.swift; sourceTree = "<group>"; xcLanguageSpecificationIdentifier = xcode.lang.swift; };
		0FC3ACAD1A698A3300A9F544 /* Helm.swift */ = {isa = PBXFileReference; fileEncoding = 4; lastKnownFileType = sourcecode.swift; lineEnding = 0; path = Helm.swift; sourceTree = "<group>"; xcLanguageSpecificationIdentifier = xcode.lang.swift; };
		0FC3ACAF1A698A4C00A9F544 /* Medical.swift */ = {isa = PBXFileReference; fileEncoding = 4; lastKnownFileType = sourcecode.swift; lineEnding = 0; path = Medical.swift; sourceTree = "<group>"; xcLanguageSpecificationIdentifier = xcode.lang.swift; };
		0FC3ACB11A698A6000A9F544 /* Navigation.swift */ = {isa = PBXFileReference; fileEncoding = 4; lastKnownFileType = sourcecode.swift; lineEnding = 0; path = Navigation.swift; sourceTree = "<group>"; xcLanguageSpecificationIdentifier = xcode.lang.swift; };
		0FC3ACB31A698A7200A9F544 /* Sciences.swift */ = {isa = PBXFileReference; fileEncoding = 4; lastKnownFileType = sourcecode.swift; lineEnding = 0; path = Sciences.swift; sourceTree = "<group>"; xcLanguageSpecificationIdentifier = xcode.lang.swift; };
		0FC3ACB51A698BF400A9F544 /* MasterTabView.swift */ = {isa = PBXFileReference; fileEncoding = 4; lastKnownFileType = sourcecode.swift; lineEnding = 0; path = MasterTabView.swift; sourceTree = "<group>"; xcLanguageSpecificationIdentifier = xcode.lang.swift; };
		0FC3ACB71A698C0600A9F544 /* CommControl.swift */ = {isa = PBXFileReference; fileEncoding = 4; lastKnownFileType = sourcecode.swift; lineEnding = 0; path = CommControl.swift; sourceTree = "<group>"; xcLanguageSpecificationIdentifier = xcode.lang.swift; };
		0FC3ACB91A698C1200A9F544 /* EngControl.swift */ = {isa = PBXFileReference; fileEncoding = 4; lastKnownFileType = sourcecode.swift; lineEnding = 0; path = EngControl.swift; sourceTree = "<group>"; xcLanguageSpecificationIdentifier = xcode.lang.swift; };
		0FC3ACBB1A698C2000A9F544 /* HelmControl.swift */ = {isa = PBXFileReference; fileEncoding = 4; lastKnownFileType = sourcecode.swift; lineEnding = 0; path = HelmControl.swift; sourceTree = "<group>"; xcLanguageSpecificationIdentifier = xcode.lang.swift; };
		0FC3ACBD1A698C2D00A9F544 /* MedicalControl.swift */ = {isa = PBXFileReference; fileEncoding = 4; lastKnownFileType = sourcecode.swift; lineEnding = 0; path = MedicalControl.swift; sourceTree = "<group>"; xcLanguageSpecificationIdentifier = xcode.lang.swift; };
		0FC3ACBF1A698C3700A9F544 /* NavControl.swift */ = {isa = PBXFileReference; fileEncoding = 4; lastKnownFileType = sourcecode.swift; lineEnding = 0; path = NavControl.swift; sourceTree = "<group>"; xcLanguageSpecificationIdentifier = xcode.lang.swift; };
		0FC3ACC11A698C4000A9F544 /* SciencesControl.swift */ = {isa = PBXFileReference; fileEncoding = 4; lastKnownFileType = sourcecode.swift; lineEnding = 0; path = SciencesControl.swift; sourceTree = "<group>"; xcLanguageSpecificationIdentifier = xcode.lang.swift; };
		0FC3ACC41A698D0B00A9F544 /* Blog.md */ = {isa = PBXFileReference; lastKnownFileType = net.daringfireball.markdown; path = Blog.md; sourceTree = "<group>"; };
		0FC3ACC51A698D0B00A9F544 /* Development.md */ = {isa = PBXFileReference; lastKnownFileType = net.daringfireball.markdown; path = Development.md; sourceTree = "<group>"; };
		0FC3ACC61A698D9F00A9F544 /* XCGLogger.swift */ = {isa = PBXFileReference; fileEncoding = 4; lastKnownFileType = sourcecode.swift; path = XCGLogger.swift; sourceTree = "<group>"; };
/* End PBXFileReference section */

/* Begin PBXFrameworksBuildPhase section */
		0F8F96841A697CDF00E8F605 /* Frameworks */ = {
			isa = PBXFrameworksBuildPhase;
			buildActionMask = 2147483647;
			files = (
			);
			runOnlyForDeploymentPostprocessing = 0;
		};
		0F8F96991A697CDF00E8F605 /* Frameworks */ = {
			isa = PBXFrameworksBuildPhase;
			buildActionMask = 2147483647;
			files = (
			);
			runOnlyForDeploymentPostprocessing = 0;
		};
/* End PBXFrameworksBuildPhase section */

/* Begin PBXGroup section */
		0F8F967E1A697CDF00E8F605 = {
			isa = PBXGroup;
			children = (
				0F8F96891A697CDF00E8F605 /* StarshipSimulation */,
				0F8F969F1A697CDF00E8F605 /* StarshipSimulationTests */,
				0F8F96881A697CDF00E8F605 /* Products */,
			);
			sourceTree = "<group>";
		};
		0F8F96881A697CDF00E8F605 /* Products */ = {
			isa = PBXGroup;
			children = (
				0F8F96871A697CDF00E8F605 /* StarshipSimulation.app */,
				0F8F969C1A697CDF00E8F605 /* StarshipSimulationTests.xctest */,
			);
			name = Products;
			sourceTree = "<group>";
		};
		0F8F96891A697CDF00E8F605 /* StarshipSimulation */ = {
			isa = PBXGroup;
			children = (
				0FC3ACC31A698CC900A9F544 /* Docs */,
				0F8F96BE1A69853D00E8F605 /* SSS Modules Diagrams.pdf */,
				0F8F96BF1A69853D00E8F605 /* SSS Variables List.pdf */,
				0FA948451A698F0900EE88B5 /* Images */,
				0F8F96AD1A697D3600E8F605 /* Model */,
				0F8F96AC1A697D2700E8F605 /* Views */,
				0F8F96901A697CDF00E8F605 /* StarshipSimulation.xcdatamodeld */,
				0F8F968A1A697CDF00E8F605 /* Supporting Files */,
			);
			path = StarshipSimulation;
			sourceTree = "<group>";
		};
		0F8F968A1A697CDF00E8F605 /* Supporting Files */ = {
			isa = PBXGroup;
			children = (
				0F6BADDA1A69C8500018B475 /* givennames.txt */,
				0F6BADDC1A69C8600018B475 /* surnames.txt */,
				0F8F96931A697CDF00E8F605 /* Images.xcassets */,
				0F8F968C1A697CDF00E8F605 /* AppDelegate.swift */,
				0FB0742D1A715DD2006F3CA5 /* DataTests.swift */,
				0F8F968B1A697CDF00E8F605 /* Info.plist */,
				0FC3ACC61A698D9F00A9F544 /* XCGLogger.swift */,
			);
			name = "Supporting Files";
			sourceTree = "<group>";
		};
		0F8F969F1A697CDF00E8F605 /* StarshipSimulationTests */ = {
			isa = PBXGroup;
			children = (
				0F8F96A21A697CDF00E8F605 /* StarshipSimulationTests.swift */,
				0F594BFF1A69FD3400B10050 /* SystemArrayTests.swift */,
				0F594BF51A69EE7C00B10050 /* LocationTests.swift */,
				0F8F96A01A697CDF00E8F605 /* Supporting Files */,
			);
			path = StarshipSimulationTests;
			sourceTree = "<group>";
		};
		0F8F96A01A697CDF00E8F605 /* Supporting Files */ = {
			isa = PBXGroup;
			children = (
				0F8F96A11A697CDF00E8F605 /* Info.plist */,
			);
			name = "Supporting Files";
			sourceTree = "<group>";
		};
		0F8F96AC1A697D2700E8F605 /* Views */ = {
			isa = PBXGroup;
			children = (
				0F8F96BD1A697EA900E8F605 /* Common */,
				0F8F96B61A697E3900E8F605 /* Main */,
				0F8F96BB1A697E8A00E8F605 /* Communications */,
				0F8F96B81A697E5900E8F605 /* Engineering */,
				0F8F96BC1A697E9B00E8F605 /* Helm */,
				0F8F96B71A697E5000E8F605 /* Medical */,
				0F8F96BA1A697E8000E8F605 /* Navigation */,
				0F8F96B91A697E6B00E8F605 /* Sciences */,
			);
			path = Views;
			sourceTree = "<group>";
		};
		0F8F96AD1A697D3600E8F605 /* Model */ = {
			isa = PBXGroup;
			children = (
				0F8F96AE1A697D3F00E8F605 /* Common */,
				0F8F96AF1A697D6000E8F605 /* Main */,
				0F8F96B11A697DE400E8F605 /* Communications */,
				0F8F96B41A697E0700E8F605 /* Engineering */,
				0F8F96B01A697D6900E8F605 /* Helm */,
				0F8F96B51A697E1200E8F605 /* Medical */,
				0F8F96B21A697DF100E8F605 /* Navigation */,
				0F8F96B31A697DFE00E8F605 /* Sciences */,
			);
			path = Model;
			sourceTree = "<group>";
		};
		0F8F96AE1A697D3F00E8F605 /* Common */ = {
			isa = PBXGroup;
			children = (
				0F8F96C01A69858700E8F605 /* Cargo.swift */,
				0F8F96C11A69858700E8F605 /* CelestialObject.swift */,
				0F8F96C21A69858700E8F605 /* Common.swift */,
				0F8F96C31A69858700E8F605 /* CommonData.swift */,
				0F8F96C41A69858700E8F605 /* CommunicationsStation.swift */,
				0F8F96C51A69858700E8F605 /* EnergyConnectionStation.swift */,
				0F8F96C61A69858700E8F605 /* FederationPerson.swift */,
				0F8F96C71A69858700E8F605 /* FleetShip.swift */,
				0F8F96C81A69858700E8F605 /* LifeSupport.swift */,
				0F8F96C91A69858700E8F605 /* Location.swift */,
				0F8F96CA1A69858700E8F605 /* MasterData.swift */,
				0F8F96CB1A69858700E8F605 /* Name.swift */,
				0FB2315C1A7C32E200988930 /* Observers.swift */,
				0F8F96CC1A69858700E8F605 /* PhotonTube.swift */,
				0F8F96CD1A69858700E8F605 /* Rank.swift */,
				0F8F96CE1A69858700E8F605 /* RunningState.swift */,
				0F8F96CF1A69858700E8F605 /* Sensors.swift */,
				0F8F96D01A69858700E8F605 /* ShuttleCraft.swift */,
				0F8F96D11A69858700E8F605 /* SimController.swift */,
				0F8F96D21A69858700E8F605 /* SpatialPosition.swift */,
				0F8F96D31A69858700E8F605 /* SystemObject.swift */,
				0F8F96D41A69858700E8F605 /* SystemStatus.swift */,
				0F8F96D51A69858700E8F605 /* TractorBeam.swift */,
				0F8F96D61A69858700E8F605 /* TurboElevatorCar.swift */,
				0F8F96D71A69858700E8F605 /* Weapons.swift */,
			);
			name = Common;
			sourceTree = "<group>";
		};
		0F8F96AF1A697D6000E8F605 /* Main */ = {
			isa = PBXGroup;
			children = (
				0F8F96F01A6985A700E8F605 /* MasterController.swift */,
			);
			name = Main;
			sourceTree = "<group>";
		};
		0F8F96B01A697D6900E8F605 /* Helm */ = {
			isa = PBXGroup;
			children = (
				0FC3ACAD1A698A3300A9F544 /* Helm.swift */,
			);
			name = Helm;
			sourceTree = "<group>";
		};
		0F8F96B11A697DE400E8F605 /* Communications */ = {
			isa = PBXGroup;
			children = (
				0F8F96F21A6985C000E8F605 /* Communications.swift */,
			);
			name = Communications;
			sourceTree = "<group>";
		};
		0F8F96B21A697DF100E8F605 /* Navigation */ = {
			isa = PBXGroup;
			children = (
				0FC3ACB11A698A6000A9F544 /* Navigation.swift */,
			);
			name = Navigation;
			sourceTree = "<group>";
		};
		0F8F96B31A697DFE00E8F605 /* Sciences */ = {
			isa = PBXGroup;
			children = (
				0FC3ACB31A698A7200A9F544 /* Sciences.swift */,
			);
			name = Sciences;
			sourceTree = "<group>";
		};
		0F8F96B41A697E0700E8F605 /* Engineering */ = {
			isa = PBXGroup;
			children = (
				0FC3ACAB1A6987C000A9F544 /* Engineering.swift */,
			);
			name = Engineering;
			sourceTree = "<group>";
		};
		0F8F96B51A697E1200E8F605 /* Medical */ = {
			isa = PBXGroup;
			children = (
				0FC3ACAF1A698A4C00A9F544 /* Medical.swift */,
			);
			name = Medical;
			sourceTree = "<group>";
		};
		0F8F96B61A697E3900E8F605 /* Main */ = {
			isa = PBXGroup;
			children = (
				0F312FCB1A81926B00578FA2 /* PhotonTubesControl.swift */,
				0FAB8E4F1A6C315300E784B2 /* EnterprisePersonnelControl.swift */,
				0F6BADD61A69C7A50018B475 /* MasterControl.swift */,
				0FC3ACB51A698BF400A9F544 /* MasterTabView.swift */,
			);
			name = Main;
			sourceTree = "<group>";
		};
		0F8F96B71A697E5000E8F605 /* Medical */ = {
			isa = PBXGroup;
			children = (
				0FC3ACBD1A698C2D00A9F544 /* MedicalControl.swift */,
			);
			name = Medical;
			sourceTree = "<group>";
		};
		0F8F96B81A697E5900E8F605 /* Engineering */ = {
			isa = PBXGroup;
			children = (
				0FC3ACB91A698C1200A9F544 /* EngControl.swift */,
			);
			name = Engineering;
			sourceTree = "<group>";
		};
		0F8F96B91A697E6B00E8F605 /* Sciences */ = {
			isa = PBXGroup;
			children = (
				0FC3ACC11A698C4000A9F544 /* SciencesControl.swift */,
			);
			name = Sciences;
			sourceTree = "<group>";
		};
		0F8F96BA1A697E8000E8F605 /* Navigation */ = {
			isa = PBXGroup;
			children = (
				0FC3ACBF1A698C3700A9F544 /* NavControl.swift */,
			);
			name = Navigation;
			sourceTree = "<group>";
		};
		0F8F96BB1A697E8A00E8F605 /* Communications */ = {
			isa = PBXGroup;
			children = (
				0FC3ACB71A698C0600A9F544 /* CommControl.swift */,
			);
			name = Communications;
			sourceTree = "<group>";
		};
		0F8F96BC1A697E9B00E8F605 /* Helm */ = {
			isa = PBXGroup;
			children = (
				0FC3ACBB1A698C2000A9F544 /* HelmControl.swift */,
			);
			name = Helm;
			sourceTree = "<group>";
		};
		0F8F96BD1A697EA900E8F605 /* Common */ = {
			isa = PBXGroup;
			children = (
				0F6BADD81A69C7EA0018B475 /* RunningStateControl.swift */,
				0FA948651A698FDB00EE88B5 /* SimViewController.swift */,
				0F8F96951A697CDF00E8F605 /* Main.storyboard */,
			);
			name = Common;
			sourceTree = "<group>";
		};
		0FA948451A698F0900EE88B5 /* Images */ = {
			isa = PBXGroup;
			children = (
				0FA948461A698F0900EE88B5 /* app128x128x1.jpg */,
				0FA948471A698F0900EE88B5 /* app128x128x1.png */,
				0FA948481A698F0900EE88B5 /* app128x128x1.xcf */,
				0FA948491A698F0900EE88B5 /* app128x128x2.jpg */,
				0FA9484A1A698F0900EE88B5 /* app128x128x2.png */,
				0FA9484B1A698F0900EE88B5 /* app128x128x2.xcf */,
				0FA9484C1A698F0900EE88B5 /* app16x16x1.jpg */,
				0FA9484D1A698F0900EE88B5 /* app16x16x1.png */,
				0FA9484E1A698F0900EE88B5 /* app16x16x1.xcf */,
				0FA9484F1A698F0900EE88B5 /* app16x16x2.jpg */,
				0FA948501A698F0900EE88B5 /* app16x16x2.png */,
				0FA948511A698F0900EE88B5 /* app16x16x2.xcf */,
				0FA948521A698F0900EE88B5 /* app256x256x1.jpg */,
				0FA948531A698F0900EE88B5 /* app256x256x1.png */,
				0FA948541A698F0900EE88B5 /* app256x256x1.xcf */,
				0FA948551A698F0900EE88B5 /* app256x256x2.jpg */,
				0FA948561A698F0900EE88B5 /* app256x256x2.png */,
				0FA948571A698F0900EE88B5 /* app256x256x2.xcf */,
				0FA948581A698F0900EE88B5 /* app32x32x1.jpg */,
				0FA948591A698F0900EE88B5 /* app32x32x1.png */,
				0FA9485A1A698F0900EE88B5 /* app32x32x1.xcf */,
				0FA9485B1A698F0900EE88B5 /* app32x32x2.jpg */,
				0FA9485C1A698F0900EE88B5 /* app32x32x2.png */,
				0FA9485D1A698F0900EE88B5 /* app32x32x2.xcf */,
				0FA9485E1A698F0900EE88B5 /* app512x512x1.jpg */,
				0FA9485F1A698F0900EE88B5 /* app512x512x1.png */,
				0FA948601A698F0900EE88B5 /* app512x512x1.xcf */,
				0FA948611A698F0900EE88B5 /* app512x512x2.jpg */,
				0FA948621A698F0900EE88B5 /* app512x512x2.png */,
				0FA948631A698F0900EE88B5 /* app512x512x2.xcf */,
				0FA948641A698F0900EE88B5 /* Cover-squar.xcf */,
			);
			path = Images;
			sourceTree = "<group>";
		};
		0FC3ACC31A698CC900A9F544 /* Docs */ = {
			isa = PBXGroup;
			children = (
				0FC3ACC41A698D0B00A9F544 /* Blog.md */,
				0FC3ACC51A698D0B00A9F544 /* Development.md */,
			);
			path = Docs;
			sourceTree = "<group>";
		};
/* End PBXGroup section */

/* Begin PBXNativeTarget section */
		0F8F96861A697CDF00E8F605 /* StarshipSimulation */ = {
			isa = PBXNativeTarget;
			buildConfigurationList = 0F8F96A61A697CDF00E8F605 /* Build configuration list for PBXNativeTarget "StarshipSimulation" */;
			buildPhases = (
				0F8F96831A697CDF00E8F605 /* Sources */,
				0F8F96841A697CDF00E8F605 /* Frameworks */,
				0F8F96851A697CDF00E8F605 /* Resources */,
			);
			buildRules = (
			);
			dependencies = (
			);
			name = StarshipSimulation;
			productName = StarshipSimulation;
			productReference = 0F8F96871A697CDF00E8F605 /* StarshipSimulation.app */;
			productType = "com.apple.product-type.application";
		};
		0F8F969B1A697CDF00E8F605 /* StarshipSimulationTests */ = {
			isa = PBXNativeTarget;
			buildConfigurationList = 0F8F96A91A697CE000E8F605 /* Build configuration list for PBXNativeTarget "StarshipSimulationTests" */;
			buildPhases = (
				0F8F96981A697CDF00E8F605 /* Sources */,
				0F8F96991A697CDF00E8F605 /* Frameworks */,
				0F8F969A1A697CDF00E8F605 /* Resources */,
			);
			buildRules = (
			);
			dependencies = (
				0F8F969E1A697CDF00E8F605 /* PBXTargetDependency */,
			);
			name = StarshipSimulationTests;
			productName = StarshipSimulationTests;
			productReference = 0F8F969C1A697CDF00E8F605 /* StarshipSimulationTests.xctest */;
			productType = "com.apple.product-type.bundle.unit-test";
		};
/* End PBXNativeTarget section */

/* Begin PBXProject section */
		0F8F967F1A697CDF00E8F605 /* Project object */ = {
			isa = PBXProject;
			attributes = {
				LastUpgradeCheck = 0620;
				ORGANIZATIONNAME = "William C Waggoner";
				TargetAttributes = {
					0F8F96861A697CDF00E8F605 = {
						CreatedOnToolsVersion = 6.2;
						DevelopmentTeam = 3CL8WYF3VH;
					};
					0F8F969B1A697CDF00E8F605 = {
						CreatedOnToolsVersion = 6.2;
						TestTargetID = 0F8F96861A697CDF00E8F605;
					};
				};
			};
			buildConfigurationList = 0F8F96821A697CDF00E8F605 /* Build configuration list for PBXProject "StarshipSimulation" */;
			compatibilityVersion = "Xcode 3.2";
			developmentRegion = English;
			hasScannedForEncodings = 0;
			knownRegions = (
				en,
				Base,
			);
			mainGroup = 0F8F967E1A697CDF00E8F605;
			productRefGroup = 0F8F96881A697CDF00E8F605 /* Products */;
			projectDirPath = "";
			projectRoot = "";
			targets = (
				0F8F96861A697CDF00E8F605 /* StarshipSimulation */,
				0F8F969B1A697CDF00E8F605 /* StarshipSimulationTests */,
			);
		};
/* End PBXProject section */

/* Begin PBXResourcesBuildPhase section */
		0F8F96851A697CDF00E8F605 /* Resources */ = {
			isa = PBXResourcesBuildPhase;
			buildActionMask = 2147483647;
			files = (
				0F6BADDD1A69C8600018B475 /* surnames.txt in Resources */,
				0F8F96941A697CDF00E8F605 /* Images.xcassets in Resources */,
				0F6BADDB1A69C8500018B475 /* givennames.txt in Resources */,
				0F8F96971A697CDF00E8F605 /* Main.storyboard in Resources */,
			);
			runOnlyForDeploymentPostprocessing = 0;
		};
		0F8F969A1A697CDF00E8F605 /* Resources */ = {
			isa = PBXResourcesBuildPhase;
			buildActionMask = 2147483647;
			files = (
			);
			runOnlyForDeploymentPostprocessing = 0;
		};
/* End PBXResourcesBuildPhase section */

/* Begin PBXSourcesBuildPhase section */
		0F8F96831A697CDF00E8F605 /* Sources */ = {
			isa = PBXSourcesBuildPhase;
			buildActionMask = 2147483647;
			files = (
				0FC3ACC01A698C3700A9F544 /* NavControl.swift in Sources */,
				0FC3ACAC1A6987C000A9F544 /* Engineering.swift in Sources */,
				0F8F96F11A6985A700E8F605 /* MasterController.swift in Sources */,
				0FC3ACBE1A698C2D00A9F544 /* MedicalControl.swift in Sources */,
				0FC3ACB21A698A6000A9F544 /* Navigation.swift in Sources */,
				0FC3ACAE1A698A3300A9F544 /* Helm.swift in Sources */,
				0F8F96EA1A69858700E8F605 /* SpatialPosition.swift in Sources */,
				0FB0742E1A715DD2006F3CA5 /* DataTests.swift in Sources */,
				0FC3ACC71A698D9F00A9F544 /* XCGLogger.swift in Sources */,
				0F8F96E21A69858700E8F605 /* MasterData.swift in Sources */,
				0F8F96F31A6985C000E8F605 /* Communications.swift in Sources */,
				0FC3ACB61A698BF400A9F544 /* MasterTabView.swift in Sources */,
				0F8F96DC1A69858700E8F605 /* CommunicationsStation.swift in Sources */,
				0F8F96E71A69858700E8F605 /* Sensors.swift in Sources */,
				0F8F96E41A69858700E8F605 /* PhotonTube.swift in Sources */,
				0F312FCC1A81926B00578FA2 /* PhotonTubesControl.swift in Sources */,
				0F8F96DB1A69858700E8F605 /* CommonData.swift in Sources */,
				0F8F96EE1A69858700E8F605 /* TurboElevatorCar.swift in Sources */,
				0F8F968D1A697CDF00E8F605 /* AppDelegate.swift in Sources */,
				0F8F96D91A69858700E8F605 /* CelestialObject.swift in Sources */,
				0F8F96DD1A69858700E8F605 /* EnergyConnectionStation.swift in Sources */,
				0FC3ACBC1A698C2000A9F544 /* HelmControl.swift in Sources */,
				0FC3ACB81A698C0600A9F544 /* CommControl.swift in Sources */,
				0FC3ACC21A698C4000A9F544 /* SciencesControl.swift in Sources */,
				0F8F96E11A69858700E8F605 /* Location.swift in Sources */,
				0F8F96DF1A69858700E8F605 /* FleetShip.swift in Sources */,
				0FC3ACB41A698A7200A9F544 /* Sciences.swift in Sources */,
				0F8F96E31A69858700E8F605 /* Name.swift in Sources */,
				0F8F96D81A69858700E8F605 /* Cargo.swift in Sources */,
				0F8F96EF1A69858700E8F605 /* Weapons.swift in Sources */,
				0FB2315D1A7C32E200988930 /* Observers.swift in Sources */,
				0FA948661A698FDB00EE88B5 /* SimViewController.swift in Sources */,
				0F8F96EC1A69858700E8F605 /* SystemStatus.swift in Sources */,
				0FAB8E501A6C315300E784B2 /* EnterprisePersonnelControl.swift in Sources */,
				0F8F96DA1A69858700E8F605 /* Common.swift in Sources */,
				0F8F96E81A69858700E8F605 /* ShuttleCraft.swift in Sources */,
				0FC3ACBA1A698C1200A9F544 /* EngControl.swift in Sources */,
				0FC3ACB01A698A4C00A9F544 /* Medical.swift in Sources */,
				0F8F96E61A69858700E8F605 /* RunningState.swift in Sources */,
				0F6BADD91A69C7EA0018B475 /* RunningStateControl.swift in Sources */,
				0F8F96E01A69858700E8F605 /* LifeSupport.swift in Sources */,
				0F8F96E51A69858700E8F605 /* Rank.swift in Sources */,
				0F8F96EB1A69858700E8F605 /* SystemObject.swift in Sources */,
				0F8F96921A697CDF00E8F605 /* StarshipSimulation.xcdatamodeld in Sources */,
				0F8F96E91A69858700E8F605 /* SimController.swift in Sources */,
				0F6BADD71A69C7A50018B475 /* MasterControl.swift in Sources */,
				0F8F96DE1A69858700E8F605 /* FederationPerson.swift in Sources */,
				0F8F96ED1A69858700E8F605 /* TractorBeam.swift in Sources */,
			);
			runOnlyForDeploymentPostprocessing = 0;
		};
		0F8F96981A697CDF00E8F605 /* Sources */ = {
			isa = PBXSourcesBuildPhase;
			buildActionMask = 2147483647;
			files = (
				0F594BF61A69EE7C00B10050 /* LocationTests.swift in Sources */,
				0FB2315E1A7C32E200988930 /* Observers.swift in Sources */,
				0F594BFC1A69EF9000B10050 /* Rank.swift in Sources */,
				0F594BFA1A69EF3400B10050 /* FederationPerson.swift in Sources */,
				0F594BF71A69EE9500B10050 /* Location.swift in Sources */,
				0F8F96A31A697CDF00E8F605 /* StarshipSimulationTests.swift in Sources */,
				0F594C021A69FD6500B10050 /* SystemStatus.swift in Sources */,
				0F594BFB1A69EF4D00B10050 /* SystemObject.swift in Sources */,
				0F594C001A69FD3400B10050 /* SystemArrayTests.swift in Sources */,
				0F594C011A69FD4B00B10050 /* PhotonTube.swift in Sources */,
				0F594BFE1A69F04C00B10050 /* XCGLogger.swift in Sources */,
				0F594BFD1A69EFD200B10050 /* Name.swift in Sources */,
				0F594BF91A69EEE900B10050 /* Common.swift in Sources */,
				0F594BF81A69EEAD00B10050 /* SpatialPosition.swift in Sources */,
			);
			runOnlyForDeploymentPostprocessing = 0;
		};
/* End PBXSourcesBuildPhase section */

/* Begin PBXTargetDependency section */
		0F8F969E1A697CDF00E8F605 /* PBXTargetDependency */ = {
			isa = PBXTargetDependency;
			target = 0F8F96861A697CDF00E8F605 /* StarshipSimulation */;
			targetProxy = 0F8F969D1A697CDF00E8F605 /* PBXContainerItemProxy */;
		};
/* End PBXTargetDependency section */

/* Begin PBXVariantGroup section */
		0F8F96951A697CDF00E8F605 /* Main.storyboard */ = {
			isa = PBXVariantGroup;
			children = (
				0F8F96961A697CDF00E8F605 /* Base */,
			);
			name = Main.storyboard;
			path = StarshipSimulation;
			sourceTree = SOURCE_ROOT;
		};
/* End PBXVariantGroup section */

/* Begin XCBuildConfiguration section */
		0F8F96A41A697CDF00E8F605 /* Debug */ = {
			isa = XCBuildConfiguration;
			buildSettings = {
				ALWAYS_SEARCH_USER_PATHS = NO;
				CLANG_CXX_LANGUAGE_STANDARD = "gnu++0x";
				CLANG_CXX_LIBRARY = "libc++";
				CLANG_ENABLE_MODULES = YES;
				CLANG_ENABLE_OBJC_ARC = YES;
				CLANG_WARN_BOOL_CONVERSION = YES;
				CLANG_WARN_CONSTANT_CONVERSION = YES;
				CLANG_WARN_DIRECT_OBJC_ISA_USAGE = YES_ERROR;
				CLANG_WARN_EMPTY_BODY = YES;
				CLANG_WARN_ENUM_CONVERSION = YES;
				CLANG_WARN_INT_CONVERSION = YES;
				CLANG_WARN_OBJC_ROOT_CLASS = YES_ERROR;
				CLANG_WARN_UNREACHABLE_CODE = YES;
				CLANG_WARN__DUPLICATE_METHOD_MATCH = YES;
				CODE_SIGN_IDENTITY = "-";
				COPY_PHASE_STRIP = NO;
				ENABLE_STRICT_OBJC_MSGSEND = YES;
				GCC_C_LANGUAGE_STANDARD = gnu99;
				GCC_DYNAMIC_NO_PIC = NO;
				GCC_OPTIMIZATION_LEVEL = 0;
				GCC_PREPROCESSOR_DEFINITIONS = (
					"DEBUG=1",
					"$(inherited)",
				);
				GCC_SYMBOLS_PRIVATE_EXTERN = NO;
				GCC_WARN_64_TO_32_BIT_CONVERSION = YES;
				GCC_WARN_ABOUT_RETURN_TYPE = YES_ERROR;
				GCC_WARN_UNDECLARED_SELECTOR = YES;
				GCC_WARN_UNINITIALIZED_AUTOS = YES_AGGRESSIVE;
				GCC_WARN_UNUSED_FUNCTION = YES;
				GCC_WARN_UNUSED_VARIABLE = YES;
				MACOSX_DEPLOYMENT_TARGET = 10.10;
				MTL_ENABLE_DEBUG_INFO = YES;
				ONLY_ACTIVE_ARCH = YES;
				SDKROOT = macosx;
				SWIFT_OPTIMIZATION_LEVEL = "-Onone";
			};
			name = Debug;
		};
		0F8F96A51A697CDF00E8F605 /* Release */ = {
			isa = XCBuildConfiguration;
			buildSettings = {
				ALWAYS_SEARCH_USER_PATHS = NO;
				CLANG_CXX_LANGUAGE_STANDARD = "gnu++0x";
				CLANG_CXX_LIBRARY = "libc++";
				CLANG_ENABLE_MODULES = YES;
				CLANG_ENABLE_OBJC_ARC = YES;
				CLANG_WARN_BOOL_CONVERSION = YES;
				CLANG_WARN_CONSTANT_CONVERSION = YES;
				CLANG_WARN_DIRECT_OBJC_ISA_USAGE = YES_ERROR;
				CLANG_WARN_EMPTY_BODY = YES;
				CLANG_WARN_ENUM_CONVERSION = YES;
				CLANG_WARN_INT_CONVERSION = YES;
				CLANG_WARN_OBJC_ROOT_CLASS = YES_ERROR;
				CLANG_WARN_UNREACHABLE_CODE = YES;
				CLANG_WARN__DUPLICATE_METHOD_MATCH = YES;
				CODE_SIGN_IDENTITY = "-";
				COPY_PHASE_STRIP = NO;
				DEBUG_INFORMATION_FORMAT = "dwarf-with-dsym";
				ENABLE_NS_ASSERTIONS = NO;
				ENABLE_STRICT_OBJC_MSGSEND = YES;
				GCC_C_LANGUAGE_STANDARD = gnu99;
				GCC_WARN_64_TO_32_BIT_CONVERSION = YES;
				GCC_WARN_ABOUT_RETURN_TYPE = YES_ERROR;
				GCC_WARN_UNDECLARED_SELECTOR = YES;
				GCC_WARN_UNINITIALIZED_AUTOS = YES_AGGRESSIVE;
				GCC_WARN_UNUSED_FUNCTION = YES;
				GCC_WARN_UNUSED_VARIABLE = YES;
				MACOSX_DEPLOYMENT_TARGET = 10.10;
				MTL_ENABLE_DEBUG_INFO = NO;
				SDKROOT = macosx;
			};
			name = Release;
		};
		0F8F96A71A697CDF00E8F605 /* Debug */ = {
			isa = XCBuildConfiguration;
			buildSettings = {
				ASSETCATALOG_COMPILER_APPICON_NAME = AppIcon;
				CODE_SIGN_IDENTITY = "Mac Developer";
				"CODE_SIGN_IDENTITY[sdk=macosx*]" = "Mac Developer";
				COMBINE_HIDPI_IMAGES = YES;
				INFOPLIST_FILE = StarshipSimulation/Info.plist;
				LD_RUNPATH_SEARCH_PATHS = "$(inherited) @executable_path/../Frameworks";
				PRODUCT_NAME = "$(TARGET_NAME)";
				PROVISIONING_PROFILE = "";
			};
			name = Debug;
		};
		0F8F96A81A697CDF00E8F605 /* Release */ = {
			isa = XCBuildConfiguration;
			buildSettings = {
				ASSETCATALOG_COMPILER_APPICON_NAME = AppIcon;
				CODE_SIGN_IDENTITY = "Mac Developer";
				"CODE_SIGN_IDENTITY[sdk=macosx*]" = "Mac Developer";
				COMBINE_HIDPI_IMAGES = YES;
				INFOPLIST_FILE = StarshipSimulation/Info.plist;
				LD_RUNPATH_SEARCH_PATHS = "$(inherited) @executable_path/../Frameworks";
				PRODUCT_NAME = "$(TARGET_NAME)";
				PROVISIONING_PROFILE = "";
			};
			name = Release;
		};
		0F8F96AA1A697CE000E8F605 /* Debug */ = {
			isa = XCBuildConfiguration;
			buildSettings = {
				BUNDLE_LOADER = "$(TEST_HOST)";
				COMBINE_HIDPI_IMAGES = YES;
				FRAMEWORK_SEARCH_PATHS = (
					"$(DEVELOPER_FRAMEWORKS_DIR)",
					"$(inherited)",
				);
				GCC_PREPROCESSOR_DEFINITIONS = (
					"DEBUG=1",
					"$(inherited)",
				);
				INFOPLIST_FILE = StarshipSimulationTests/Info.plist;
				LD_RUNPATH_SEARCH_PATHS = "$(inherited) @executable_path/../Frameworks @loader_path/../Frameworks";
				PRODUCT_NAME = "$(TARGET_NAME)";
				TEST_HOST = "$(BUILT_PRODUCTS_DIR)/StarshipSimulation.app/Contents/MacOS/StarshipSimulation";
			};
			name = Debug;
		};
		0F8F96AB1A697CE000E8F605 /* Release */ = {
			isa = XCBuildConfiguration;
			buildSettings = {
				BUNDLE_LOADER = "$(TEST_HOST)";
				COMBINE_HIDPI_IMAGES = YES;
				FRAMEWORK_SEARCH_PATHS = (
					"$(DEVELOPER_FRAMEWORKS_DIR)",
					"$(inherited)",
				);
				INFOPLIST_FILE = StarshipSimulationTests/Info.plist;
				LD_RUNPATH_SEARCH_PATHS = "$(inherited) @executable_path/../Frameworks @loader_path/../Frameworks";
				PRODUCT_NAME = "$(TARGET_NAME)";
				TEST_HOST = "$(BUILT_PRODUCTS_DIR)/StarshipSimulation.app/Contents/MacOS/StarshipSimulation";
			};
			name = Release;
		};
/* End XCBuildConfiguration section */

/* Begin XCConfigurationList section */
		0F8F96821A697CDF00E8F605 /* Build configuration list for PBXProject "StarshipSimulation" */ = {
			isa = XCConfigurationList;
			buildConfigurations = (
				0F8F96A41A697CDF00E8F605 /* Debug */,
				0F8F96A51A697CDF00E8F605 /* Release */,
			);
			defaultConfigurationIsVisible = 0;
			defaultConfigurationName = Release;
		};
		0F8F96A61A697CDF00E8F605 /* Build configuration list for PBXNativeTarget "StarshipSimulation" */ = {
			isa = XCConfigurationList;
			buildConfigurations = (
				0F8F96A71A697CDF00E8F605 /* Debug */,
				0F8F96A81A697CDF00E8F605 /* Release */,
			);
			defaultConfigurationIsVisible = 0;
			defaultConfigurationName = Release;
		};
		0F8F96A91A697CE000E8F605 /* Build configuration list for PBXNativeTarget "StarshipSimulationTests" */ = {
			isa = XCConfigurationList;
			buildConfigurations = (
				0F8F96AA1A697CE000E8F605 /* Debug */,
				0F8F96AB1A697CE000E8F605 /* Release */,
			);
			defaultConfigurationIsVisible = 0;
			defaultConfigurationName = Release;
		};
/* End XCConfigurationList section */

/* Begin XCVersionGroup section */
		0F8F96901A697CDF00E8F605 /* StarshipSimulation.xcdatamodeld */ = {
			isa = XCVersionGroup;
			children = (
				0F8F96911A697CDF00E8F605 /* StarshipSimulation.xcdatamodel */,
			);
			currentVersion = 0F8F96911A697CDF00E8F605 /* StarshipSimulation.xcdatamodel */;
			path = StarshipSimulation.xcdatamodeld;
			sourceTree = "<group>";
			versionGroupType = wrapper.xcdatamodel;
		};
/* End XCVersionGroup section */
	};
	rootObject = 0F8F967F1A697CDF00E8F605 /* Project object */;
}
